
Microsoft Visual Studio Solution File, Format Version 12.00
# Visual Studio Version 17
VisualStudioVersion = 17.0.31903.59
MinimumVisualStudioVersion = 10.0.40219.1
Project("{2150E333-8FDC-42A3-9474-1A3956D46DE8}") = "src", "src", "{08EB52A2-D898-49C7-B370-53C85BE2D10E}"
EndProject
Project("{FAE04EC0-301F-11D3-BF4B-00C04F79EFBC}") = "Application", "src\Application\Application.csproj", "{FF6D8034-5E1C-42A8-8A85-305ECAD423B4}"
EndProject
Project("{FAE04EC0-301F-11D3-BF4B-00C04F79EFBC}") = "Domain", "src\Domain\Domain.csproj", "{6507D26E-B7D7-4F3C-92EE-B4021A3D9AC7}"
EndProject
Project("{FAE04EC0-301F-11D3-BF4B-00C04F79EFBC}") = "Infrastructure", "src\Infrastructure\Infrastructure.csproj", "{DEFB01F8-DCB0-4A55-BA70-8086048B4A25}"
EndProject
Project("{FAE04EC0-301F-11D3-BF4B-00C04F79EFBC}") = "Web", "src\Web\Web.csproj", "{80D3FBD4-65DF-49A8-907D-0870E7A8D75F}"
EndProject
Global
	GlobalSection(SolutionConfigurationPlatforms) = preSolution
		Debug|Any CPU = Debug|Any CPU
		Release|Any CPU = Release|Any CPU
	EndGlobalSection
	GlobalSection(SolutionProperties) = preSolution
		HideSolutionNode = FALSE
	EndGlobalSection
	GlobalSection(ProjectConfigurationPlatforms) = postSolution
		{FF6D8034-5E1C-42A8-8A85-305ECAD423B4}.Debug|Any CPU.ActiveCfg = Debug|Any CPU
		{FF6D8034-5E1C-42A8-8A85-305ECAD423B4}.Debug|Any CPU.Build.0 = Debug|Any CPU
		{FF6D8034-5E1C-42A8-8A85-305ECAD423B4}.Release|Any CPU.ActiveCfg = Release|Any CPU
		{FF6D8034-5E1C-42A8-8A85-305ECAD423B4}.Release|Any CPU.Build.0 = Release|Any CPU
		{6507D26E-B7D7-4F3C-92EE-B4021A3D9AC7}.Debug|Any CPU.ActiveCfg = Debug|Any CPU
		{6507D26E-B7D7-4F3C-92EE-B4021A3D9AC7}.Debug|Any CPU.Build.0 = Debug|Any CPU
		{6507D26E-B7D7-4F3C-92EE-B4021A3D9AC7}.Release|Any CPU.ActiveCfg = Release|Any CPU
		{6507D26E-B7D7-4F3C-92EE-B4021A3D9AC7}.Release|Any CPU.Build.0 = Release|Any CPU
		{DEFB01F8-DCB0-4A55-BA70-8086048B4A25}.Debug|Any CPU.ActiveCfg = Debug|Any CPU
		{DEFB01F8-DCB0-4A55-BA70-8086048B4A25}.Debug|Any CPU.Build.0 = Debug|Any CPU
		{DEFB01F8-DCB0-4A55-BA70-8086048B4A25}.Release|Any CPU.ActiveCfg = Release|Any CPU
		{DEFB01F8-DCB0-4A55-BA70-8086048B4A25}.Release|Any CPU.Build.0 = Release|Any CPU
		{80D3FBD4-65DF-49A8-907D-0870E7A8D75F}.Debug|Any CPU.ActiveCfg = Debug|Any CPU
		{80D3FBD4-65DF-49A8-907D-0870E7A8D75F}.Debug|Any CPU.Build.0 = Debug|Any CPU
		{80D3FBD4-65DF-49A8-907D-0870E7A8D75F}.Release|Any CPU.ActiveCfg = Release|Any CPU
		{80D3FBD4-65DF-49A8-907D-0870E7A8D75F}.Release|Any CPU.Build.0 = Release|Any CPU
	EndGlobalSection
	GlobalSection(NestedProjects) = preSolution
		{FF6D8034-5E1C-42A8-8A85-305ECAD423B4} = {08EB52A2-D898-49C7-B370-53C85BE2D10E}
		{6507D26E-B7D7-4F3C-92EE-B4021A3D9AC7} = {08EB52A2-D898-49C7-B370-53C85BE2D10E}
		{DEFB01F8-DCB0-4A55-BA70-8086048B4A25} = {08EB52A2-D898-49C7-B370-53C85BE2D10E}
		{80D3FBD4-65DF-49A8-907D-0870E7A8D75F} = {08EB52A2-D898-49C7-B370-53C85BE2D10E}
	EndGlobalSection
EndGlobal
